// !$*UTF8*$!
{
	archiveVersion = 1;
	classes = {
	};
	objectVersion = 50;
	objects = {

/* Begin PBXBuildFile section */
		EA644BF922273D89008A0D22 /* AppDelegate.swift in Sources */ = {isa = PBXBuildFile; fileRef = EA644BF822273D89008A0D22 /* AppDelegate.swift */; };
		EA644BFB22273D89008A0D22 /* ViewController.swift in Sources */ = {isa = PBXBuildFile; fileRef = EA644BFA22273D89008A0D22 /* ViewController.swift */; };
		EA644BFE22273D89008A0D22 /* Main.storyboard in Resources */ = {isa = PBXBuildFile; fileRef = EA644BFC22273D89008A0D22 /* Main.storyboard */; };
		EA644C0022273D89008A0D22 /* Assets.xcassets in Resources */ = {isa = PBXBuildFile; fileRef = EA644BFF22273D89008A0D22 /* Assets.xcassets */; };
		EA644C0322273D89008A0D22 /* LaunchScreen.storyboard in Resources */ = {isa = PBXBuildFile; fileRef = EA644C0122273D89008A0D22 /* LaunchScreen.storyboard */; };
		EA644C0E22273D89008A0D22 /* CareConnectGiverTests.swift in Sources */ = {isa = PBXBuildFile; fileRef = EA644C0D22273D89008A0D22 /* CareConnectGiverTests.swift */; };
		EA644C1922273D89008A0D22 /* CareConnectGiverUITests.swift in Sources */ = {isa = PBXBuildFile; fileRef = EA644C1822273D89008A0D22 /* CareConnectGiverUITests.swift */; };
		EAFC405B222CA2BA006071E5 /* PeopleTableViewController.swift in Sources */ = {isa = PBXBuildFile; fileRef = EAFC405A222CA2BA006071E5 /* PeopleTableViewController.swift */; };
		EAFC405D222CA387006071E5 /* PeopleDetailViewController.swift in Sources */ = {isa = PBXBuildFile; fileRef = EAFC405C222CA387006071E5 /* PeopleDetailViewController.swift */; };
/* End PBXBuildFile section */

/* Begin PBXContainerItemProxy section */
		EA644C0A22273D89008A0D22 /* PBXContainerItemProxy */ = {
			isa = PBXContainerItemProxy;
			containerPortal = EA644BED22273D89008A0D22 /* Project object */;
			proxyType = 1;
			remoteGlobalIDString = EA644BF422273D89008A0D22;
			remoteInfo = CareConnectGiver;
		};
		EA644C1522273D89008A0D22 /* PBXContainerItemProxy */ = {
			isa = PBXContainerItemProxy;
			containerPortal = EA644BED22273D89008A0D22 /* Project object */;
			proxyType = 1;
			remoteGlobalIDString = EA644BF422273D89008A0D22;
			remoteInfo = CareConnectGiver;
		};
/* End PBXContainerItemProxy section */

/* Begin PBXFileReference section */
		EA644BF522273D89008A0D22 /* CareConnectGiver.app */ = {isa = PBXFileReference; explicitFileType = wrapper.application; includeInIndex = 0; path = CareConnectGiver.app; sourceTree = BUILT_PRODUCTS_DIR; };
		EA644BF822273D89008A0D22 /* AppDelegate.swift */ = {isa = PBXFileReference; lastKnownFileType = sourcecode.swift; path = AppDelegate.swift; sourceTree = "<group>"; };
		EA644BFA22273D89008A0D22 /* ViewController.swift */ = {isa = PBXFileReference; lastKnownFileType = sourcecode.swift; path = ViewController.swift; sourceTree = "<group>"; };
		EA644BFD22273D89008A0D22 /* Base */ = {isa = PBXFileReference; lastKnownFileType = file.storyboard; name = Base; path = Base.lproj/Main.storyboard; sourceTree = "<group>"; };
		EA644BFF22273D89008A0D22 /* Assets.xcassets */ = {isa = PBXFileReference; lastKnownFileType = folder.assetcatalog; path = Assets.xcassets; sourceTree = "<group>"; };
		EA644C0222273D89008A0D22 /* Base */ = {isa = PBXFileReference; lastKnownFileType = file.storyboard; name = Base; path = Base.lproj/LaunchScreen.storyboard; sourceTree = "<group>"; };
		EA644C0422273D89008A0D22 /* Info.plist */ = {isa = PBXFileReference; lastKnownFileType = text.plist.xml; path = Info.plist; sourceTree = "<group>"; };
		EA644C0922273D89008A0D22 /* CareConnectGiverTests.xctest */ = {isa = PBXFileReference; explicitFileType = wrapper.cfbundle; includeInIndex = 0; path = CareConnectGiverTests.xctest; sourceTree = BUILT_PRODUCTS_DIR; };
		EA644C0D22273D89008A0D22 /* CareConnectGiverTests.swift */ = {isa = PBXFileReference; lastKnownFileType = sourcecode.swift; path = CareConnectGiverTests.swift; sourceTree = "<group>"; };
		EA644C0F22273D89008A0D22 /* Info.plist */ = {isa = PBXFileReference; lastKnownFileType = text.plist.xml; path = Info.plist; sourceTree = "<group>"; };
		EA644C1422273D89008A0D22 /* CareConnectGiverUITests.xctest */ = {isa = PBXFileReference; explicitFileType = wrapper.cfbundle; includeInIndex = 0; path = CareConnectGiverUITests.xctest; sourceTree = BUILT_PRODUCTS_DIR; };
		EA644C1822273D89008A0D22 /* CareConnectGiverUITests.swift */ = {isa = PBXFileReference; lastKnownFileType = sourcecode.swift; path = CareConnectGiverUITests.swift; sourceTree = "<group>"; };
		EA644C1A22273D89008A0D22 /* Info.plist */ = {isa = PBXFileReference; lastKnownFileType = text.plist.xml; path = Info.plist; sourceTree = "<group>"; };
		EAFC405A222CA2BA006071E5 /* PeopleTableViewController.swift */ = {isa = PBXFileReference; lastKnownFileType = sourcecode.swift; path = PeopleTableViewController.swift; sourceTree = "<group>"; };
		EAFC405C222CA387006071E5 /* PeopleDetailViewController.swift */ = {isa = PBXFileReference; lastKnownFileType = sourcecode.swift; path = PeopleDetailViewController.swift; sourceTree = "<group>"; };
/* End PBXFileReference section */

/* Begin PBXFrameworksBuildPhase section */
		EA644BF222273D89008A0D22 /* Frameworks */ = {
			isa = PBXFrameworksBuildPhase;
			buildActionMask = 2147483647;
			files = (
			);
			runOnlyForDeploymentPostprocessing = 0;
		};
		EA644C0622273D89008A0D22 /* Frameworks */ = {
			isa = PBXFrameworksBuildPhase;
			buildActionMask = 2147483647;
			files = (
			);
			runOnlyForDeploymentPostprocessing = 0;
		};
		EA644C1122273D89008A0D22 /* Frameworks */ = {
			isa = PBXFrameworksBuildPhase;
			buildActionMask = 2147483647;
			files = (
			);
			runOnlyForDeploymentPostprocessing = 0;
		};
/* End PBXFrameworksBuildPhase section */

/* Begin PBXGroup section */
		EA644BEC22273D89008A0D22 = {
			isa = PBXGroup;
			children = (
				EA644BF722273D89008A0D22 /* CareConnectGiver */,
				EA644C0C22273D89008A0D22 /* CareConnectGiverTests */,
				EA644C1722273D89008A0D22 /* CareConnectGiverUITests */,
				EA644BF622273D89008A0D22 /* Products */,
			);
			sourceTree = "<group>";
		};
		EA644BF622273D89008A0D22 /* Products */ = {
			isa = PBXGroup;
			children = (
				EA644BF522273D89008A0D22 /* CareConnectGiver.app */,
				EA644C0922273D89008A0D22 /* CareConnectGiverTests.xctest */,
				EA644C1422273D89008A0D22 /* CareConnectGiverUITests.xctest */,
			);
			name = Products;
			sourceTree = "<group>";
		};
		EA644BF722273D89008A0D22 /* CareConnectGiver */ = {
			isa = PBXGroup;
			children = (
				EA644BF822273D89008A0D22 /* AppDelegate.swift */,
				EA644BFA22273D89008A0D22 /* ViewController.swift */,
				EA644BFC22273D89008A0D22 /* Main.storyboard */,
				EAFC405C222CA387006071E5 /* PeopleDetailViewController.swift */,
				EA644BFF22273D89008A0D22 /* Assets.xcassets */,
				EA644C0122273D89008A0D22 /* LaunchScreen.storyboard */,
				EA644C0422273D89008A0D22 /* Info.plist */,
				EAFC405A222CA2BA006071E5 /* PeopleTableViewController.swift */,
			);
			path = CareConnectGiver;
			sourceTree = "<group>";
		};
		EA644C0C22273D89008A0D22 /* CareConnectGiverTests */ = {
			isa = PBXGroup;
			children = (
				EA644C0D22273D89008A0D22 /* CareConnectGiverTests.swift */,
				EA644C0F22273D89008A0D22 /* Info.plist */,
			);
			path = CareConnectGiverTests;
			sourceTree = "<group>";
		};
		EA644C1722273D89008A0D22 /* CareConnectGiverUITests */ = {
			isa = PBXGroup;
			children = (
				EA644C1822273D89008A0D22 /* CareConnectGiverUITests.swift */,
				EA644C1A22273D89008A0D22 /* Info.plist */,
			);
			path = CareConnectGiverUITests;
			sourceTree = "<group>";
		};
/* End PBXGroup section */

/* Begin PBXNativeTarget section */
		EA644BF422273D89008A0D22 /* CareConnectGiver */ = {
			isa = PBXNativeTarget;
			buildConfigurationList = EA644C1D22273D89008A0D22 /* Build configuration list for PBXNativeTarget "CareConnectGiver" */;
			buildPhases = (
				EA644BF122273D89008A0D22 /* Sources */,
				EA644BF222273D89008A0D22 /* Frameworks */,
				EA644BF322273D89008A0D22 /* Resources */,
			);
			buildRules = (
			);
			dependencies = (
			);
			name = CareConnectGiver;
			productName = CareConnectGiver;
			productReference = EA644BF522273D89008A0D22 /* CareConnectGiver.app */;
			productType = "com.apple.product-type.application";
		};
		EA644C0822273D89008A0D22 /* CareConnectGiverTests */ = {
			isa = PBXNativeTarget;
			buildConfigurationList = EA644C2022273D89008A0D22 /* Build configuration list for PBXNativeTarget "CareConnectGiverTests" */;
			buildPhases = (
				EA644C0522273D89008A0D22 /* Sources */,
				EA644C0622273D89008A0D22 /* Frameworks */,
				EA644C0722273D89008A0D22 /* Resources */,
			);
			buildRules = (
			);
			dependencies = (
				EA644C0B22273D89008A0D22 /* PBXTargetDependency */,
			);
			name = CareConnectGiverTests;
			productName = CareConnectGiverTests;
			productReference = EA644C0922273D89008A0D22 /* CareConnectGiverTests.xctest */;
			productType = "com.apple.product-type.bundle.unit-test";
		};
		EA644C1322273D89008A0D22 /* CareConnectGiverUITests */ = {
			isa = PBXNativeTarget;
			buildConfigurationList = EA644C2322273D89008A0D22 /* Build configuration list for PBXNativeTarget "CareConnectGiverUITests" */;
			buildPhases = (
				EA644C1022273D89008A0D22 /* Sources */,
				EA644C1122273D89008A0D22 /* Frameworks */,
				EA644C1222273D89008A0D22 /* Resources */,
			);
			buildRules = (
			);
			dependencies = (
				EA644C1622273D89008A0D22 /* PBXTargetDependency */,
			);
			name = CareConnectGiverUITests;
			productName = CareConnectGiverUITests;
			productReference = EA644C1422273D89008A0D22 /* CareConnectGiverUITests.xctest */;
			productType = "com.apple.product-type.bundle.ui-testing";
		};
/* End PBXNativeTarget section */

/* Begin PBXProject section */
		EA644BED22273D89008A0D22 /* Project object */ = {
			isa = PBXProject;
			attributes = {
				LastSwiftUpdateCheck = 1010;
				LastUpgradeCheck = 1010;
				ORGANIZATIONNAME = Tony;
				TargetAttributes = {
					EA644BF422273D89008A0D22 = {
						CreatedOnToolsVersion = 10.1;
					};
					EA644C0822273D89008A0D22 = {
						CreatedOnToolsVersion = 10.1;
						TestTargetID = EA644BF422273D89008A0D22;
					};
					EA644C1322273D89008A0D22 = {
						CreatedOnToolsVersion = 10.1;
						TestTargetID = EA644BF422273D89008A0D22;
					};
				};
			};
			buildConfigurationList = EA644BF022273D89008A0D22 /* Build configuration list for PBXProject "CareConnectGiver" */;
			compatibilityVersion = "Xcode 9.3";
			developmentRegion = en;
			hasScannedForEncodings = 0;
			knownRegions = (
				en,
				Base,
			);
			mainGroup = EA644BEC22273D89008A0D22;
			productRefGroup = EA644BF622273D89008A0D22 /* Products */;
			projectDirPath = "";
			projectRoot = "";
			targets = (
				EA644BF422273D89008A0D22 /* CareConnectGiver */,
				EA644C0822273D89008A0D22 /* CareConnectGiverTests */,
				EA644C1322273D89008A0D22 /* CareConnectGiverUITests */,
			);
		};
/* End PBXProject section */

/* Begin PBXResourcesBuildPhase section */
		EA644BF322273D89008A0D22 /* Resources */ = {
			isa = PBXResourcesBuildPhase;
			buildActionMask = 2147483647;
			files = (
				EA644C0322273D89008A0D22 /* LaunchScreen.storyboard in Resources */,
				EA644C0022273D89008A0D22 /* Assets.xcassets in Resources */,
				EA644BFE22273D89008A0D22 /* Main.storyboard in Resources */,
			);
			runOnlyForDeploymentPostprocessing = 0;
		};
		EA644C0722273D89008A0D22 /* Resources */ = {
			isa = PBXResourcesBuildPhase;
			buildActionMask = 2147483647;
			files = (
			);
			runOnlyForDeploymentPostprocessing = 0;
		};
		EA644C1222273D89008A0D22 /* Resources */ = {
			isa = PBXResourcesBuildPhase;
			buildActionMask = 2147483647;
			files = (
			);
			runOnlyForDeploymentPostprocessing = 0;
		};
/* End PBXResourcesBuildPhase section */

/* Begin PBXSourcesBuildPhase section */
		EA644BF122273D89008A0D22 /* Sources */ = {
			isa = PBXSourcesBuildPhase;
			buildActionMask = 2147483647;
			files = (
				EAFC405D222CA387006071E5 /* PeopleDetailViewController.swift in Sources */,
				EA644BFB22273D89008A0D22 /* ViewController.swift in Sources */,
				EAFC405B222CA2BA006071E5 /* PeopleTableViewController.swift in Sources */,
				EA644BF922273D89008A0D22 /* AppDelegate.swift in Sources */,
			);
			runOnlyForDeploymentPostprocessing = 0;
		};
		EA644C0522273D89008A0D22 /* Sources */ = {
			isa = PBXSourcesBuildPhase;
			buildActionMask = 2147483647;
			files = (
				EA644C0E22273D89008A0D22 /* CareConnectGiverTests.swift in Sources */,
			);
			runOnlyForDeploymentPostprocessing = 0;
		};
		EA644C1022273D89008A0D22 /* Sources */ = {
			isa = PBXSourcesBuildPhase;
			buildActionMask = 2147483647;
			files = (
				EA644C1922273D89008A0D22 /* CareConnectGiverUITests.swift in Sources */,
			);
			runOnlyForDeploymentPostprocessing = 0;
		};
/* End PBXSourcesBuildPhase section */

/* Begin PBXTargetDependency section */
		EA644C0B22273D89008A0D22 /* PBXTargetDependency */ = {
			isa = PBXTargetDependency;
			target = EA644BF422273D89008A0D22 /* CareConnectGiver */;
			targetProxy = EA644C0A22273D89008A0D22 /* PBXContainerItemProxy */;
		};
		EA644C1622273D89008A0D22 /* PBXTargetDependency */ = {
			isa = PBXTargetDependency;
			target = EA644BF422273D89008A0D22 /* CareConnectGiver */;
			targetProxy = EA644C1522273D89008A0D22 /* PBXContainerItemProxy */;
		};
/* End PBXTargetDependency section */

/* Begin PBXVariantGroup section */
		EA644BFC22273D89008A0D22 /* Main.storyboard */ = {
			isa = PBXVariantGroup;
			children = (
				EA644BFD22273D89008A0D22 /* Base */,
			);
			name = Main.storyboard;
			sourceTree = "<group>";
		};
		EA644C0122273D89008A0D22 /* LaunchScreen.storyboard */ = {
			isa = PBXVariantGroup;
			children = (
				EA644C0222273D89008A0D22 /* Base */,
			);
			name = LaunchScreen.storyboard;
			sourceTree = "<group>";
		};
/* End PBXVariantGroup section */

/* Begin XCBuildConfiguration section */
		EA644C1B22273D89008A0D22 /* Debug */ = {
			isa = XCBuildConfiguration;
			buildSettings = {
				ALWAYS_SEARCH_USER_PATHS = NO;
				CLANG_ANALYZER_NONNULL = YES;
				CLANG_ANALYZER_NUMBER_OBJECT_CONVERSION = YES_AGGRESSIVE;
				CLANG_CXX_LANGUAGE_STANDARD = "gnu++14";
				CLANG_CXX_LIBRARY = "libc++";
				CLANG_ENABLE_MODULES = YES;
				CLANG_ENABLE_OBJC_ARC = YES;
				CLANG_ENABLE_OBJC_WEAK = YES;
				CLANG_WARN_BLOCK_CAPTURE_AUTORELEASING = YES;
				CLANG_WARN_BOOL_CONVERSION = YES;
				CLANG_WARN_COMMA = YES;
				CLANG_WARN_CONSTANT_CONVERSION = YES;
				CLANG_WARN_DEPRECATED_OBJC_IMPLEMENTATIONS = YES;
				CLANG_WARN_DIRECT_OBJC_ISA_USAGE = YES_ERROR;
				CLANG_WARN_DOCUMENTATION_COMMENTS = YES;
				CLANG_WARN_EMPTY_BODY = YES;
				CLANG_WARN_ENUM_CONVERSION = YES;
				CLANG_WARN_INFINITE_RECURSION = YES;
				CLANG_WARN_INT_CONVERSION = YES;
				CLANG_WARN_NON_LITERAL_NULL_CONVERSION = YES;
				CLANG_WARN_OBJC_IMPLICIT_RETAIN_SELF = YES;
				CLANG_WARN_OBJC_LITERAL_CONVERSION = YES;
				CLANG_WARN_OBJC_ROOT_CLASS = YES_ERROR;
				CLANG_WARN_RANGE_LOOP_ANALYSIS = YES;
				CLANG_WARN_STRICT_PROTOTYPES = YES;
				CLANG_WARN_SUSPICIOUS_MOVE = YES;
				CLANG_WARN_UNGUARDED_AVAILABILITY = YES_AGGRESSIVE;
				CLANG_WARN_UNREACHABLE_CODE = YES;
				CLANG_WARN__DUPLICATE_METHOD_MATCH = YES;
				CODE_SIGN_IDENTITY = "iPhone Developer";
				COPY_PHASE_STRIP = NO;
				DEBUG_INFORMATION_FORMAT = dwarf;
				ENABLE_STRICT_OBJC_MSGSEND = YES;
				ENABLE_TESTABILITY = YES;
				GCC_C_LANGUAGE_STANDARD = gnu11;
				GCC_DYNAMIC_NO_PIC = NO;
				GCC_NO_COMMON_BLOCKS = YES;
				GCC_OPTIMIZATION_LEVEL = 0;
				GCC_PREPROCESSOR_DEFINITIONS = (
					"DEBUG=1",
					"$(inherited)",
				);
				GCC_WARN_64_TO_32_BIT_CONVERSION = YES;
				GCC_WARN_ABOUT_RETURN_TYPE = YES_ERROR;
				GCC_WARN_UNDECLARED_SELECTOR = YES;
				GCC_WARN_UNINITIALIZED_AUTOS = YES_AGGRESSIVE;
				GCC_WARN_UNUSED_FUNCTION = YES;
				GCC_WARN_UNUSED_VARIABLE = YES;
				IPHONEOS_DEPLOYMENT_TARGET = 12.1;
				MTL_ENABLE_DEBUG_INFO = INCLUDE_SOURCE;
				MTL_FAST_MATH = YES;
				ONLY_ACTIVE_ARCH = YES;
				SDKROOT = iphoneos;
				SWIFT_ACTIVE_COMPILATION_CONDITIONS = DEBUG;
				SWIFT_OPTIMIZATION_LEVEL = "-Onone";
			};
			name = Debug;
		};
		EA644C1C22273D89008A0D22 /* Release */ = {
			isa = XCBuildConfiguration;
			buildSettings = {
				ALWAYS_SEARCH_USER_PATHS = NO;
				CLANG_ANALYZER_NONNULL = YES;
				CLANG_ANALYZER_NUMBER_OBJECT_CONVERSION = YES_AGGRESSIVE;
				CLANG_CXX_LANGUAGE_STANDARD = "gnu++14";
				CLANG_CXX_LIBRARY = "libc++";
				CLANG_ENABLE_MODULES = YES;
				CLANG_ENABLE_OBJC_ARC = YES;
				CLANG_ENABLE_OBJC_WEAK = YES;
				CLANG_WARN_BLOCK_CAPTURE_AUTORELEASING = YES;
				CLANG_WARN_BOOL_CONVERSION = YES;
				CLANG_WARN_COMMA = YES;
				CLANG_WARN_CONSTANT_CONVERSION = YES;
				CLANG_WARN_DEPRECATED_OBJC_IMPLEMENTATIONS = YES;
				CLANG_WARN_DIRECT_OBJC_ISA_USAGE = YES_ERROR;
				CLANG_WARN_DOCUMENTATION_COMMENTS = YES;
				CLANG_WARN_EMPTY_BODY = YES;
				CLANG_WARN_ENUM_CONVERSION = YES;
				CLANG_WARN_INFINITE_RECURSION = YES;
				CLANG_WARN_INT_CONVERSION = YES;
				CLANG_WARN_NON_LITERAL_NULL_CONVERSION = YES;
				CLANG_WARN_OBJC_IMPLICIT_RETAIN_SELF = YES;
				CLANG_WARN_OBJC_LITERAL_CONVERSION = YES;
				CLANG_WARN_OBJC_ROOT_CLASS = YES_ERROR;
				CLANG_WARN_RANGE_LOOP_ANALYSIS = YES;
				CLANG_WARN_STRICT_PROTOTYPES = YES;
				CLANG_WARN_SUSPICIOUS_MOVE = YES;
				CLANG_WARN_UNGUARDED_AVAILABILITY = YES_AGGRESSIVE;
				CLANG_WARN_UNREACHABLE_CODE = YES;
				CLANG_WARN__DUPLICATE_METHOD_MATCH = YES;
				CODE_SIGN_IDENTITY = "iPhone Developer";
				COPY_PHASE_STRIP = NO;
				DEBUG_INFORMATION_FORMAT = "dwarf-with-dsym";
				ENABLE_NS_ASSERTIONS = NO;
				ENABLE_STRICT_OBJC_MSGSEND = YES;
				GCC_C_LANGUAGE_STANDARD = gnu11;
				GCC_NO_COMMON_BLOCKS = YES;
				GCC_WARN_64_TO_32_BIT_CONVERSION = YES;
				GCC_WARN_ABOUT_RETURN_TYPE = YES_ERROR;
				GCC_WARN_UNDECLARED_SELECTOR = YES;
				GCC_WARN_UNINITIALIZED_AUTOS = YES_AGGRESSIVE;
				GCC_WARN_UNUSED_FUNCTION = YES;
				GCC_WARN_UNUSED_VARIABLE = YES;
				IPHONEOS_DEPLOYMENT_TARGET = 12.1;
				MTL_ENABLE_DEBUG_INFO = NO;
				MTL_FAST_MATH = YES;
				SDKROOT = iphoneos;
				SWIFT_COMPILATION_MODE = wholemodule;
				SWIFT_OPTIMIZATION_LEVEL = "-O";
				VALIDATE_PRODUCT = YES;
			};
			name = Release;
		};
		EA644C1E22273D89008A0D22 /* Debug */ = {
			isa = XCBuildConfiguration;
			buildSettings = {
				ASSETCATALOG_COMPILER_APPICON_NAME = AppIcon;
				CODE_SIGN_STYLE = Automatic;
				DEVELOPMENT_TEAM = 993G373D9B;
				INFOPLIST_FILE = CareConnectGiver/Info.plist;
				LD_RUNPATH_SEARCH_PATHS = (
					"$(inherited)",
					"@executable_path/Frameworks",
				);
				PRODUCT_BUNDLE_IDENTIFIER = MobileSVC.CareConnectGiver;
				PRODUCT_NAME = "$(TARGET_NAME)";
				SWIFT_VERSION = 4.2;
				TARGETED_DEVICE_FAMILY = "1,2";
			};
			name = Debug;
		};
		EA644C1F22273D89008A0D22 /* Release */ = {
			isa = XCBuildConfiguration;
			buildSettings = {
				ASSETCATALOG_COMPILER_APPICON_NAME = AppIcon;
				CODE_SIGN_STYLE = Automatic;
				DEVELOPMENT_TEAM = 993G373D9B;
				INFOPLIST_FILE = CareConnectGiver/Info.plist;
				LD_RUNPATH_SEARCH_PATHS = (
					"$(inherited)",
					"@executable_path/Frameworks",
				);
				PRODUCT_BUNDLE_IDENTIFIER = MobileSVC.CareConnectGiver;
				PRODUCT_NAME = "$(TARGET_NAME)";
				SWIFT_VERSION = 4.2;
				TARGETED_DEVICE_FAMILY = "1,2";
			};
			name = Release;
		};
		EA644C2122273D89008A0D22 /* Debug */ = {
			isa = XCBuildConfiguration;
			buildSettings = {
				ALWAYS_EMBED_SWIFT_STANDARD_LIBRARIES = YES;
				BUNDLE_LOADER = "$(TEST_HOST)";
				CODE_SIGN_STYLE = Automatic;
				DEVELOPMENT_TEAM = 993G373D9B;
				INFOPLIST_FILE = CareConnectGiverTests/Info.plist;
				LD_RUNPATH_SEARCH_PATHS = (
					"$(inherited)",
					"@executable_path/Frameworks",
					"@loader_path/Frameworks",
				);
				PRODUCT_BUNDLE_IDENTIFIER = MobileSVC.CareConnectGiverTests;
				PRODUCT_NAME = "$(TARGET_NAME)";
				SWIFT_VERSION = 4.2;
				TARGETED_DEVICE_FAMILY = "1,2";
				TEST_HOST = "$(BUILT_PRODUCTS_DIR)/CareConnectGiver.app/CareConnectGiver";
			};
			name = Debug;
		};
		EA644C2222273D89008A0D22 /* Release */ = {
			isa = XCBuildConfiguration;
			buildSettings = {
				ALWAYS_EMBED_SWIFT_STANDARD_LIBRARIES = YES;
				BUNDLE_LOADER = "$(TEST_HOST)";
				CODE_SIGN_STYLE = Automatic;
				DEVELOPMENT_TEAM = 993G373D9B;
				INFOPLIST_FILE = CareConnectGiverTests/Info.plist;
				LD_RUNPATH_SEARCH_PATHS = (
					"$(inherited)",
					"@executable_path/Frameworks",
					"@loader_path/Frameworks",
				);
				PRODUCT_BUNDLE_IDENTIFIER = MobileSVC.CareConnectGiverTests;
				PRODUCT_NAME = "$(TARGET_NAME)";
				SWIFT_VERSION = 4.2;
				TARGETED_DEVICE_FAMILY = "1,2";
				TEST_HOST = "$(BUILT_PRODUCTS_DIR)/CareConnectGiver.app/CareConnectGiver";
			};
			name = Release;
		};
		EA644C2422273D89008A0D22 /* Debug */ = {
			isa = XCBuildConfiguration;
			buildSettings = {
				ALWAYS_EMBED_SWIFT_STANDARD_LIBRARIES = YES;
				CODE_SIGN_STYLE = Automatic;
				DEVELOPMENT_TEAM = 993G373D9B;
				INFOPLIST_FILE = CareConnectGiverUITests/Info.plist;
				LD_RUNPATH_SEARCH_PATHS = (
					"$(inherited)",
					"@executable_path/Frameworks",
					"@loader_path/Frameworks",
				);
				PRODUCT_BUNDLE_IDENTIFIER = MobileSVC.CareConnectGiverUITests;
				PRODUCT_NAME = "$(TARGET_NAME)";
				SWIFT_VERSION = 4.2;
				TARGETED_DEVICE_FAMILY = "1,2";
				TEST_TARGET_NAME = CareConnectGiver;
			};
			name = Debug;
		};
		EA644C2522273D89008A0D22 /* Release */ = {
			isa = XCBuildConfiguration;
			buildSettings = {
				ALWAYS_EMBED_SWIFT_STANDARD_LIBRARIES = YES;
				CODE_SIGN_STYLE = Automatic;
				DEVELOPMENT_TEAM = 993G373D9B;
				INFOPLIST_FILE = CareConnectGiverUITests/Info.plist;
				LD_RUNPATH_SEARCH_PATHS = (
					"$(inherited)",
					"@executable_path/Frameworks",
					"@loader_path/Frameworks",
				);
				PRODUCT_BUNDLE_IDENTIFIER = MobileSVC.CareConnectGiverUITests;
				PRODUCT_NAME = "$(TARGET_NAME)";
				SWIFT_VERSION = 4.2;
				TARGETED_DEVICE_FAMILY = "1,2";
				TEST_TARGET_NAME = CareConnectGiver;
			};
			name = Release;
		};
/* End XCBuildConfiguration section */

/* Begin XCConfigurationList section */
		EA644BF022273D89008A0D22 /* Build configuration list for PBXProject "CareConnectGiver" */ = {
			isa = XCConfigurationList;
			buildConfigurations = (
				EA644C1B22273D89008A0D22 /* Debug */,
				EA644C1C22273D89008A0D22 /* Release */,
			);
			defaultConfigurationIsVisible = 0;
			defaultConfigurationName = Release;
		};
		EA644C1D22273D89008A0D22 /* Build configuration list for PBXNativeTarget "CareConnectGiver" */ = {
			isa = XCConfigurationList;
			buildConfigurations = (
				EA644C1E22273D89008A0D22 /* Debug */,
				EA644C1F22273D89008A0D22 /* Release */,
			);
			defaultConfigurationIsVisible = 0;
			defaultConfigurationName = Release;
		};
		EA644C2022273D89008A0D22 /* Build configuration list for PBXNativeTarget "CareConnectGiverTests" */ = {
			isa = XCConfigurationList;
			buildConfigurations = (
				EA644C2122273D89008A0D22 /* Debug */,
				EA644C2222273D89008A0D22 /* Release */,
			);
			defaultConfigurationIsVisible = 0;
			defaultConfigurationName = Release;
		};
		EA644C2322273D89008A0D22 /* Build configuration list for PBXNativeTarget "CareConnectGiverUITests" */ = {
			isa = XCConfigurationList;
			buildConfigurations = (
				EA644C2422273D89008A0D22 /* Debug */,
				EA644C2522273D89008A0D22 /* Release */,
			);
			defaultConfigurationIsVisible = 0;
			defaultConfigurationName = Release;
		};
/* End XCConfigurationList section */
	};
	rootObject = EA644BED22273D89008A0D22 /* Project object */;
}
