// !$*UTF8*$!
{
	archiveVersion = 1;
	classes = {
	};
	objectVersion = 50;
	objects = {

/* Begin PBXBuildFile section */
		EA644B852227377B008A0D22 /* AppDelegate.swift in Sources */ = {isa = PBXBuildFile; fileRef = EA644B842227377B008A0D22 /* AppDelegate.swift */; };
		EA644B872227377B008A0D22 /* ViewController.swift in Sources */ = {isa = PBXBuildFile; fileRef = EA644B862227377B008A0D22 /* ViewController.swift */; };
		EA644B8A2227377B008A0D22 /* Main.storyboard in Resources */ = {isa = PBXBuildFile; fileRef = EA644B882227377B008A0D22 /* Main.storyboard */; };
		EA644B8C2227377D008A0D22 /* Assets.xcassets in Resources */ = {isa = PBXBuildFile; fileRef = EA644B8B2227377D008A0D22 /* Assets.xcassets */; };
		EA644B8F2227377D008A0D22 /* LaunchScreen.storyboard in Resources */ = {isa = PBXBuildFile; fileRef = EA644B8D2227377D008A0D22 /* LaunchScreen.storyboard */; };
		EA644B9A2227377D008A0D22 /* CareConnectTests.swift in Sources */ = {isa = PBXBuildFile; fileRef = EA644B992227377D008A0D22 /* CareConnectTests.swift */; };
		EA644BA52227377D008A0D22 /* CareConnectUITests.swift in Sources */ = {isa = PBXBuildFile; fileRef = EA644BA42227377D008A0D22 /* CareConnectUITests.swift */; };
/* End PBXBuildFile section */

/* Begin PBXContainerItemProxy section */
		EA644B962227377D008A0D22 /* PBXContainerItemProxy */ = {
			isa = PBXContainerItemProxy;
			containerPortal = EA644B792227377B008A0D22 /* Project object */;
			proxyType = 1;
			remoteGlobalIDString = EA644B802227377B008A0D22;
			remoteInfo = CareConnect;
		};
		EA644BA12227377D008A0D22 /* PBXContainerItemProxy */ = {
			isa = PBXContainerItemProxy;
			containerPortal = EA644B792227377B008A0D22 /* Project object */;
			proxyType = 1;
			remoteGlobalIDString = EA644B802227377B008A0D22;
			remoteInfo = CareConnect;
		};
/* End PBXContainerItemProxy section */

/* Begin PBXFileReference section */
		EA644B812227377B008A0D22 /* CareConnect.app */ = {isa = PBXFileReference; explicitFileType = wrapper.application; includeInIndex = 0; path = CareConnect.app; sourceTree = BUILT_PRODUCTS_DIR; };
		EA644B842227377B008A0D22 /* AppDelegate.swift */ = {isa = PBXFileReference; lastKnownFileType = sourcecode.swift; path = AppDelegate.swift; sourceTree = "<group>"; };
		EA644B862227377B008A0D22 /* ViewController.swift */ = {isa = PBXFileReference; lastKnownFileType = sourcecode.swift; path = ViewController.swift; sourceTree = "<group>"; };
		EA644B892227377B008A0D22 /* Base */ = {isa = PBXFileReference; lastKnownFileType = file.storyboard; name = Base; path = Base.lproj/Main.storyboard; sourceTree = "<group>"; };
		EA644B8B2227377D008A0D22 /* Assets.xcassets */ = {isa = PBXFileReference; lastKnownFileType = folder.assetcatalog; path = Assets.xcassets; sourceTree = "<group>"; };
		EA644B8E2227377D008A0D22 /* Base */ = {isa = PBXFileReference; lastKnownFileType = file.storyboard; name = Base; path = Base.lproj/LaunchScreen.storyboard; sourceTree = "<group>"; };
		EA644B902227377D008A0D22 /* Info.plist */ = {isa = PBXFileReference; lastKnownFileType = text.plist.xml; path = Info.plist; sourceTree = "<group>"; };
		EA644B952227377D008A0D22 /* CareConnectTests.xctest */ = {isa = PBXFileReference; explicitFileType = wrapper.cfbundle; includeInIndex = 0; path = CareConnectTests.xctest; sourceTree = BUILT_PRODUCTS_DIR; };
		EA644B992227377D008A0D22 /* CareConnectTests.swift */ = {isa = PBXFileReference; lastKnownFileType = sourcecode.swift; path = CareConnectTests.swift; sourceTree = "<group>"; };
		EA644B9B2227377D008A0D22 /* Info.plist */ = {isa = PBXFileReference; lastKnownFileType = text.plist.xml; path = Info.plist; sourceTree = "<group>"; };
		EA644BA02227377D008A0D22 /* CareConnectUITests.xctest */ = {isa = PBXFileReference; explicitFileType = wrapper.cfbundle; includeInIndex = 0; path = CareConnectUITests.xctest; sourceTree = BUILT_PRODUCTS_DIR; };
		EA644BA42227377D008A0D22 /* CareConnectUITests.swift */ = {isa = PBXFileReference; lastKnownFileType = sourcecode.swift; path = CareConnectUITests.swift; sourceTree = "<group>"; };
		EA644BA62227377D008A0D22 /* Info.plist */ = {isa = PBXFileReference; lastKnownFileType = text.plist.xml; path = Info.plist; sourceTree = "<group>"; };
/* End PBXFileReference section */

/* Begin PBXFrameworksBuildPhase section */
		EA644B7E2227377B008A0D22 /* Frameworks */ = {
			isa = PBXFrameworksBuildPhase;
			buildActionMask = 2147483647;
			files = (
			);
			runOnlyForDeploymentPostprocessing = 0;
		};
		EA644B922227377D008A0D22 /* Frameworks */ = {
			isa = PBXFrameworksBuildPhase;
			buildActionMask = 2147483647;
			files = (
			);
			runOnlyForDeploymentPostprocessing = 0;
		};
		EA644B9D2227377D008A0D22 /* Frameworks */ = {
			isa = PBXFrameworksBuildPhase;
			buildActionMask = 2147483647;
			files = (
			);
			runOnlyForDeploymentPostprocessing = 0;
		};
/* End PBXFrameworksBuildPhase section */

/* Begin PBXGroup section */
		EA644B782227377B008A0D22 = {
			isa = PBXGroup;
			children = (
				EA644B832227377B008A0D22 /* CareConnect */,
				EA644B982227377D008A0D22 /* CareConnectTests */,
				EA644BA32227377D008A0D22 /* CareConnectUITests */,
				EA644B822227377B008A0D22 /* Products */,
			);
			sourceTree = "<group>";
		};
		EA644B822227377B008A0D22 /* Products */ = {
			isa = PBXGroup;
			children = (
				EA644B812227377B008A0D22 /* CareConnect.app */,
				EA644B952227377D008A0D22 /* CareConnectTests.xctest */,
				EA644BA02227377D008A0D22 /* CareConnectUITests.xctest */,
			);
			name = Products;
			sourceTree = "<group>";
		};
		EA644B832227377B008A0D22 /* CareConnect */ = {
			isa = PBXGroup;
			children = (
				EA644B842227377B008A0D22 /* AppDelegate.swift */,
				EA644B862227377B008A0D22 /* ViewController.swift */,
				EA644B882227377B008A0D22 /* Main.storyboard */,
				EA644B8B2227377D008A0D22 /* Assets.xcassets */,
				EA644B8D2227377D008A0D22 /* LaunchScreen.storyboard */,
				EA644B902227377D008A0D22 /* Info.plist */,
			);
			path = CareConnect;
			sourceTree = "<group>";
		};
		EA644B982227377D008A0D22 /* CareConnectTests */ = {
			isa = PBXGroup;
			children = (
				EA644B992227377D008A0D22 /* CareConnectTests.swift */,
				EA644B9B2227377D008A0D22 /* Info.plist */,
			);
			path = CareConnectTests;
			sourceTree = "<group>";
		};
		EA644BA32227377D008A0D22 /* CareConnectUITests */ = {
			isa = PBXGroup;
			children = (
				EA644BA42227377D008A0D22 /* CareConnectUITests.swift */,
				EA644BA62227377D008A0D22 /* Info.plist */,
			);
			path = CareConnectUITests;
			sourceTree = "<group>";
		};
/* End PBXGroup section */

/* Begin PBXNativeTarget section */
		EA644B802227377B008A0D22 /* CareConnect */ = {
			isa = PBXNativeTarget;
			buildConfigurationList = EA644BA92227377D008A0D22 /* Build configuration list for PBXNativeTarget "CareConnect" */;
			buildPhases = (
				EA644B7D2227377B008A0D22 /* Sources */,
				EA644B7E2227377B008A0D22 /* Frameworks */,
				EA644B7F2227377B008A0D22 /* Resources */,
			);
			buildRules = (
			);
			dependencies = (
			);
			name = CareConnect;
			productName = CareConnect;
			productReference = EA644B812227377B008A0D22 /* CareConnect.app */;
			productType = "com.apple.product-type.application";
		};
		EA644B942227377D008A0D22 /* CareConnectTests */ = {
			isa = PBXNativeTarget;
			buildConfigurationList = EA644BAC2227377D008A0D22 /* Build configuration list for PBXNativeTarget "CareConnectTests" */;
			buildPhases = (
				EA644B912227377D008A0D22 /* Sources */,
				EA644B922227377D008A0D22 /* Frameworks */,
				EA644B932227377D008A0D22 /* Resources */,
			);
			buildRules = (
			);
			dependencies = (
				EA644B972227377D008A0D22 /* PBXTargetDependency */,
			);
			name = CareConnectTests;
			productName = CareConnectTests;
			productReference = EA644B952227377D008A0D22 /* CareConnectTests.xctest */;
			productType = "com.apple.product-type.bundle.unit-test";
		};
		EA644B9F2227377D008A0D22 /* CareConnectUITests */ = {
			isa = PBXNativeTarget;
			buildConfigurationList = EA644BAF2227377D008A0D22 /* Build configuration list for PBXNativeTarget "CareConnectUITests" */;
			buildPhases = (
				EA644B9C2227377D008A0D22 /* Sources */,
				EA644B9D2227377D008A0D22 /* Frameworks */,
				EA644B9E2227377D008A0D22 /* Resources */,
			);
			buildRules = (
			);
			dependencies = (
				EA644BA22227377D008A0D22 /* PBXTargetDependency */,
			);
			name = CareConnectUITests;
			productName = CareConnectUITests;
			productReference = EA644BA02227377D008A0D22 /* CareConnectUITests.xctest */;
			productType = "com.apple.product-type.bundle.ui-testing";
		};
/* End PBXNativeTarget section */

/* Begin PBXProject section */
		EA644B792227377B008A0D22 /* Project object */ = {
			isa = PBXProject;
			attributes = {
				LastSwiftUpdateCheck = 1010;
				LastUpgradeCheck = 1010;
				ORGANIZATIONNAME = Tony;
				TargetAttributes = {
					EA644B802227377B008A0D22 = {
						CreatedOnToolsVersion = 10.1;
					};
					EA644B942227377D008A0D22 = {
						CreatedOnToolsVersion = 10.1;
						TestTargetID = EA644B802227377B008A0D22;
					};
					EA644B9F2227377D008A0D22 = {
						CreatedOnToolsVersion = 10.1;
						TestTargetID = EA644B802227377B008A0D22;
					};
				};
			};
			buildConfigurationList = EA644B7C2227377B008A0D22 /* Build configuration list for PBXProject "CareConnect" */;
			compatibilityVersion = "Xcode 9.3";
			developmentRegion = en;
			hasScannedForEncodings = 0;
			knownRegions = (
				en,
				Base,
			);
			mainGroup = EA644B782227377B008A0D22;
			productRefGroup = EA644B822227377B008A0D22 /* Products */;
			projectDirPath = "";
			projectRoot = "";
			targets = (
				EA644B802227377B008A0D22 /* CareConnect */,
				EA644B942227377D008A0D22 /* CareConnectTests */,
				EA644B9F2227377D008A0D22 /* CareConnectUITests */,
			);
		};
/* End PBXProject section */

/* Begin PBXResourcesBuildPhase section */
		EA644B7F2227377B008A0D22 /* Resources */ = {
			isa = PBXResourcesBuildPhase;
			buildActionMask = 2147483647;
			files = (
				EA644B8F2227377D008A0D22 /* LaunchScreen.storyboard in Resources */,
				EA644B8C2227377D008A0D22 /* Assets.xcassets in Resources */,
				EA644B8A2227377B008A0D22 /* Main.storyboard in Resources */,
			);
			runOnlyForDeploymentPostprocessing = 0;
		};
		EA644B932227377D008A0D22 /* Resources */ = {
			isa = PBXResourcesBuildPhase;
			buildActionMask = 2147483647;
			files = (
			);
			runOnlyForDeploymentPostprocessing = 0;
		};
		EA644B9E2227377D008A0D22 /* Resources */ = {
			isa = PBXResourcesBuildPhase;
			buildActionMask = 2147483647;
			files = (
			);
			runOnlyForDeploymentPostprocessing = 0;
		};
/* End PBXResourcesBuildPhase section */

/* Begin PBXSourcesBuildPhase section */
		EA644B7D2227377B008A0D22 /* Sources */ = {
			isa = PBXSourcesBuildPhase;
			buildActionMask = 2147483647;
			files = (
				EA644B872227377B008A0D22 /* ViewController.swift in Sources */,
				EA644B852227377B008A0D22 /* AppDelegate.swift in Sources */,
			);
			runOnlyForDeploymentPostprocessing = 0;
		};
		EA644B912227377D008A0D22 /* Sources */ = {
			isa = PBXSourcesBuildPhase;
			buildActionMask = 2147483647;
			files = (
				EA644B9A2227377D008A0D22 /* CareConnectTests.swift in Sources */,
			);
			runOnlyForDeploymentPostprocessing = 0;
		};
		EA644B9C2227377D008A0D22 /* Sources */ = {
			isa = PBXSourcesBuildPhase;
			buildActionMask = 2147483647;
			files = (
				EA644BA52227377D008A0D22 /* CareConnectUITests.swift in Sources */,
			);
			runOnlyForDeploymentPostprocessing = 0;
		};
/* End PBXSourcesBuildPhase section */

/* Begin PBXTargetDependency section */
		EA644B972227377D008A0D22 /* PBXTargetDependency */ = {
			isa = PBXTargetDependency;
			target = EA644B802227377B008A0D22 /* CareConnect */;
			targetProxy = EA644B962227377D008A0D22 /* PBXContainerItemProxy */;
		};
		EA644BA22227377D008A0D22 /* PBXTargetDependency */ = {
			isa = PBXTargetDependency;
			target = EA644B802227377B008A0D22 /* CareConnect */;
			targetProxy = EA644BA12227377D008A0D22 /* PBXContainerItemProxy */;
		};
/* End PBXTargetDependency section */

/* Begin PBXVariantGroup section */
		EA644B882227377B008A0D22 /* Main.storyboard */ = {
			isa = PBXVariantGroup;
			children = (
				EA644B892227377B008A0D22 /* Base */,
			);
			name = Main.storyboard;
			sourceTree = "<group>";
		};
		EA644B8D2227377D008A0D22 /* LaunchScreen.storyboard */ = {
			isa = PBXVariantGroup;
			children = (
				EA644B8E2227377D008A0D22 /* Base */,
			);
			name = LaunchScreen.storyboard;
			sourceTree = "<group>";
		};
/* End PBXVariantGroup section */

/* Begin XCBuildConfiguration section */
		EA644BA72227377D008A0D22 /* Debug */ = {
			isa = XCBuildConfiguration;
			buildSettings = {
				ALWAYS_SEARCH_USER_PATHS = NO;
				CLANG_ANALYZER_NONNULL = YES;
				CLANG_ANALYZER_NUMBER_OBJECT_CONVERSION = YES_AGGRESSIVE;
				CLANG_CXX_LANGUAGE_STANDARD = "gnu++14";
				CLANG_CXX_LIBRARY = "libc++";
				CLANG_ENABLE_MODULES = YES;
				CLANG_ENABLE_OBJC_ARC = YES;
				CLANG_ENABLE_OBJC_WEAK = YES;
				CLANG_WARN_BLOCK_CAPTURE_AUTORELEASING = YES;
				CLANG_WARN_BOOL_CONVERSION = YES;
				CLANG_WARN_COMMA = YES;
				CLANG_WARN_CONSTANT_CONVERSION = YES;
				CLANG_WARN_DEPRECATED_OBJC_IMPLEMENTATIONS = YES;
				CLANG_WARN_DIRECT_OBJC_ISA_USAGE = YES_ERROR;
				CLANG_WARN_DOCUMENTATION_COMMENTS = YES;
				CLANG_WARN_EMPTY_BODY = YES;
				CLANG_WARN_ENUM_CONVERSION = YES;
				CLANG_WARN_INFINITE_RECURSION = YES;
				CLANG_WARN_INT_CONVERSION = YES;
				CLANG_WARN_NON_LITERAL_NULL_CONVERSION = YES;
				CLANG_WARN_OBJC_IMPLICIT_RETAIN_SELF = YES;
				CLANG_WARN_OBJC_LITERAL_CONVERSION = YES;
				CLANG_WARN_OBJC_ROOT_CLASS = YES_ERROR;
				CLANG_WARN_RANGE_LOOP_ANALYSIS = YES;
				CLANG_WARN_STRICT_PROTOTYPES = YES;
				CLANG_WARN_SUSPICIOUS_MOVE = YES;
				CLANG_WARN_UNGUARDED_AVAILABILITY = YES_AGGRESSIVE;
				CLANG_WARN_UNREACHABLE_CODE = YES;
				CLANG_WARN__DUPLICATE_METHOD_MATCH = YES;
				CODE_SIGN_IDENTITY = "iPhone Developer";
				COPY_PHASE_STRIP = NO;
				DEBUG_INFORMATION_FORMAT = dwarf;
				ENABLE_STRICT_OBJC_MSGSEND = YES;
				ENABLE_TESTABILITY = YES;
				GCC_C_LANGUAGE_STANDARD = gnu11;
				GCC_DYNAMIC_NO_PIC = NO;
				GCC_NO_COMMON_BLOCKS = YES;
				GCC_OPTIMIZATION_LEVEL = 0;
				GCC_PREPROCESSOR_DEFINITIONS = (
					"DEBUG=1",
					"$(inherited)",
				);
				GCC_WARN_64_TO_32_BIT_CONVERSION = YES;
				GCC_WARN_ABOUT_RETURN_TYPE = YES_ERROR;
				GCC_WARN_UNDECLARED_SELECTOR = YES;
				GCC_WARN_UNINITIALIZED_AUTOS = YES_AGGRESSIVE;
				GCC_WARN_UNUSED_FUNCTION = YES;
				GCC_WARN_UNUSED_VARIABLE = YES;
				IPHONEOS_DEPLOYMENT_TARGET = 12.1;
				MTL_ENABLE_DEBUG_INFO = INCLUDE_SOURCE;
				MTL_FAST_MATH = YES;
				ONLY_ACTIVE_ARCH = YES;
				SDKROOT = iphoneos;
				SWIFT_ACTIVE_COMPILATION_CONDITIONS = DEBUG;
				SWIFT_OPTIMIZATION_LEVEL = "-Onone";
			};
			name = Debug;
		};
		EA644BA82227377D008A0D22 /* Release */ = {
			isa = XCBuildConfiguration;
			buildSettings = {
				ALWAYS_SEARCH_USER_PATHS = NO;
				CLANG_ANALYZER_NONNULL = YES;
				CLANG_ANALYZER_NUMBER_OBJECT_CONVERSION = YES_AGGRESSIVE;
				CLANG_CXX_LANGUAGE_STANDARD = "gnu++14";
				CLANG_CXX_LIBRARY = "libc++";
				CLANG_ENABLE_MODULES = YES;
				CLANG_ENABLE_OBJC_ARC = YES;
				CLANG_ENABLE_OBJC_WEAK = YES;
				CLANG_WARN_BLOCK_CAPTURE_AUTORELEASING = YES;
				CLANG_WARN_BOOL_CONVERSION = YES;
				CLANG_WARN_COMMA = YES;
				CLANG_WARN_CONSTANT_CONVERSION = YES;
				CLANG_WARN_DEPRECATED_OBJC_IMPLEMENTATIONS = YES;
				CLANG_WARN_DIRECT_OBJC_ISA_USAGE = YES_ERROR;
				CLANG_WARN_DOCUMENTATION_COMMENTS = YES;
				CLANG_WARN_EMPTY_BODY = YES;
				CLANG_WARN_ENUM_CONVERSION = YES;
				CLANG_WARN_INFINITE_RECURSION = YES;
				CLANG_WARN_INT_CONVERSION = YES;
				CLANG_WARN_NON_LITERAL_NULL_CONVERSION = YES;
				CLANG_WARN_OBJC_IMPLICIT_RETAIN_SELF = YES;
				CLANG_WARN_OBJC_LITERAL_CONVERSION = YES;
				CLANG_WARN_OBJC_ROOT_CLASS = YES_ERROR;
				CLANG_WARN_RANGE_LOOP_ANALYSIS = YES;
				CLANG_WARN_STRICT_PROTOTYPES = YES;
				CLANG_WARN_SUSPICIOUS_MOVE = YES;
				CLANG_WARN_UNGUARDED_AVAILABILITY = YES_AGGRESSIVE;
				CLANG_WARN_UNREACHABLE_CODE = YES;
				CLANG_WARN__DUPLICATE_METHOD_MATCH = YES;
				CODE_SIGN_IDENTITY = "iPhone Developer";
				COPY_PHASE_STRIP = NO;
				DEBUG_INFORMATION_FORMAT = "dwarf-with-dsym";
				ENABLE_NS_ASSERTIONS = NO;
				ENABLE_STRICT_OBJC_MSGSEND = YES;
				GCC_C_LANGUAGE_STANDARD = gnu11;
				GCC_NO_COMMON_BLOCKS = YES;
				GCC_WARN_64_TO_32_BIT_CONVERSION = YES;
				GCC_WARN_ABOUT_RETURN_TYPE = YES_ERROR;
				GCC_WARN_UNDECLARED_SELECTOR = YES;
				GCC_WARN_UNINITIALIZED_AUTOS = YES_AGGRESSIVE;
				GCC_WARN_UNUSED_FUNCTION = YES;
				GCC_WARN_UNUSED_VARIABLE = YES;
				IPHONEOS_DEPLOYMENT_TARGET = 12.1;
				MTL_ENABLE_DEBUG_INFO = NO;
				MTL_FAST_MATH = YES;
				SDKROOT = iphoneos;
				SWIFT_COMPILATION_MODE = wholemodule;
				SWIFT_OPTIMIZATION_LEVEL = "-O";
				VALIDATE_PRODUCT = YES;
			};
			name = Release;
		};
		EA644BAA2227377D008A0D22 /* Debug */ = {
			isa = XCBuildConfiguration;
			buildSettings = {
				ASSETCATALOG_COMPILER_APPICON_NAME = AppIcon;
				CODE_SIGN_STYLE = Automatic;
				DEVELOPMENT_TEAM = 993G373D9B;
				INFOPLIST_FILE = CareConnect/Info.plist;
				LD_RUNPATH_SEARCH_PATHS = (
					"$(inherited)",
					"@executable_path/Frameworks",
				);
				PRODUCT_BUNDLE_IDENTIFIER = MobileSVC.CareConnect;
				PRODUCT_NAME = "$(TARGET_NAME)";
				SWIFT_VERSION = 4.2;
				TARGETED_DEVICE_FAMILY = "1,2";
			};
			name = Debug;
		};
		EA644BAB2227377D008A0D22 /* Release */ = {
			isa = XCBuildConfiguration;
			buildSettings = {
				ASSETCATALOG_COMPILER_APPICON_NAME = AppIcon;
				CODE_SIGN_STYLE = Automatic;
				DEVELOPMENT_TEAM = 993G373D9B;
				INFOPLIST_FILE = CareConnect/Info.plist;
				LD_RUNPATH_SEARCH_PATHS = (
					"$(inherited)",
					"@executable_path/Frameworks",
				);
				PRODUCT_BUNDLE_IDENTIFIER = MobileSVC.CareConnect;
				PRODUCT_NAME = "$(TARGET_NAME)";
				SWIFT_VERSION = 4.2;
				TARGETED_DEVICE_FAMILY = "1,2";
			};
			name = Release;
		};
		EA644BAD2227377D008A0D22 /* Debug */ = {
			isa = XCBuildConfiguration;
			buildSettings = {
				ALWAYS_EMBED_SWIFT_STANDARD_LIBRARIES = YES;
				BUNDLE_LOADER = "$(TEST_HOST)";
				CODE_SIGN_STYLE = Automatic;
				DEVELOPMENT_TEAM = 993G373D9B;
				INFOPLIST_FILE = CareConnectTests/Info.plist;
				LD_RUNPATH_SEARCH_PATHS = (
					"$(inherited)",
					"@executable_path/Frameworks",
					"@loader_path/Frameworks",
				);
				PRODUCT_BUNDLE_IDENTIFIER = MobileSVC.CareConnectTests;
				PRODUCT_NAME = "$(TARGET_NAME)";
				SWIFT_VERSION = 4.2;
				TARGETED_DEVICE_FAMILY = "1,2";
				TEST_HOST = "$(BUILT_PRODUCTS_DIR)/CareConnect.app/CareConnect";
			};
			name = Debug;
		};
		EA644BAE2227377D008A0D22 /* Release */ = {
			isa = XCBuildConfiguration;
			buildSettings = {
				ALWAYS_EMBED_SWIFT_STANDARD_LIBRARIES = YES;
				BUNDLE_LOADER = "$(TEST_HOST)";
				CODE_SIGN_STYLE = Automatic;
				DEVELOPMENT_TEAM = 993G373D9B;
				INFOPLIST_FILE = CareConnectTests/Info.plist;
				LD_RUNPATH_SEARCH_PATHS = (
					"$(inherited)",
					"@executable_path/Frameworks",
					"@loader_path/Frameworks",
				);
				PRODUCT_BUNDLE_IDENTIFIER = MobileSVC.CareConnectTests;
				PRODUCT_NAME = "$(TARGET_NAME)";
				SWIFT_VERSION = 4.2;
				TARGETED_DEVICE_FAMILY = "1,2";
				TEST_HOST = "$(BUILT_PRODUCTS_DIR)/CareConnect.app/CareConnect";
			};
			name = Release;
		};
		EA644BB02227377D008A0D22 /* Debug */ = {
			isa = XCBuildConfiguration;
			buildSettings = {
				ALWAYS_EMBED_SWIFT_STANDARD_LIBRARIES = YES;
				CODE_SIGN_STYLE = Automatic;
				DEVELOPMENT_TEAM = 993G373D9B;
				INFOPLIST_FILE = CareConnectUITests/Info.plist;
				LD_RUNPATH_SEARCH_PATHS = (
					"$(inherited)",
					"@executable_path/Frameworks",
					"@loader_path/Frameworks",
				);
				PRODUCT_BUNDLE_IDENTIFIER = MobileSVC.CareConnectUITests;
				PRODUCT_NAME = "$(TARGET_NAME)";
				SWIFT_VERSION = 4.2;
				TARGETED_DEVICE_FAMILY = "1,2";
				TEST_TARGET_NAME = CareConnect;
			};
			name = Debug;
		};
		EA644BB12227377D008A0D22 /* Release */ = {
			isa = XCBuildConfiguration;
			buildSettings = {
				ALWAYS_EMBED_SWIFT_STANDARD_LIBRARIES = YES;
				CODE_SIGN_STYLE = Automatic;
				DEVELOPMENT_TEAM = 993G373D9B;
				INFOPLIST_FILE = CareConnectUITests/Info.plist;
				LD_RUNPATH_SEARCH_PATHS = (
					"$(inherited)",
					"@executable_path/Frameworks",
					"@loader_path/Frameworks",
				);
				PRODUCT_BUNDLE_IDENTIFIER = MobileSVC.CareConnectUITests;
				PRODUCT_NAME = "$(TARGET_NAME)";
				SWIFT_VERSION = 4.2;
				TARGETED_DEVICE_FAMILY = "1,2";
				TEST_TARGET_NAME = CareConnect;
			};
			name = Release;
		};
/* End XCBuildConfiguration section */

/* Begin XCConfigurationList section */
		EA644B7C2227377B008A0D22 /* Build configuration list for PBXProject "CareConnect" */ = {
			isa = XCConfigurationList;
			buildConfigurations = (
				EA644BA72227377D008A0D22 /* Debug */,
				EA644BA82227377D008A0D22 /* Release */,
			);
			defaultConfigurationIsVisible = 0;
			defaultConfigurationName = Release;
		};
		EA644BA92227377D008A0D22 /* Build configuration list for PBXNativeTarget "CareConnect" */ = {
			isa = XCConfigurationList;
			buildConfigurations = (
				EA644BAA2227377D008A0D22 /* Debug */,
				EA644BAB2227377D008A0D22 /* Release */,
			);
			defaultConfigurationIsVisible = 0;
			defaultConfigurationName = Release;
		};
		EA644BAC2227377D008A0D22 /* Build configuration list for PBXNativeTarget "CareConnectTests" */ = {
			isa = XCConfigurationList;
			buildConfigurations = (
				EA644BAD2227377D008A0D22 /* Debug */,
				EA644BAE2227377D008A0D22 /* Release */,
			);
			defaultConfigurationIsVisible = 0;
			defaultConfigurationName = Release;
		};
		EA644BAF2227377D008A0D22 /* Build configuration list for PBXNativeTarget "CareConnectUITests" */ = {
			isa = XCConfigurationList;
			buildConfigurations = (
				EA644BB02227377D008A0D22 /* Debug */,
				EA644BB12227377D008A0D22 /* Release */,
			);
			defaultConfigurationIsVisible = 0;
			defaultConfigurationName = Release;
		};
/* End XCConfigurationList section */
	};
	rootObject = EA644B792227377B008A0D22 /* Project object */;
}
